
Microsoft Visual Studio Solution File, Format Version 12.00
# Visual Studio Version 17
VisualStudioVersion = 17.2.32616.157
MinimumVisualStudioVersion = 10.0.40219.1
Project("{FAE04EC0-301F-11D3-BF4B-00C04F79EFBC}") = "Lab_4_1_08", "Lab_4_1_08.csproj", "{3019EE54-7A2E-4598-9B17-20E124238FC3}"
EndProject
Global
	GlobalSection(SolutionConfigurationPlatforms) = preSolution
		Debug|Any CPU = Debug|Any CPU
		Release|Any CPU = Release|Any CPU
	EndGlobalSection
	GlobalSection(ProjectConfigurationPlatforms) = postSolution
		{3019EE54-7A2E-4598-9B17-20E124238FC3}.Debug|Any CPU.ActiveCfg = Debug|Any CPU
		{3019EE54-7A2E-4598-9B17-20E124238FC3}.Debug|Any CPU.Build.0 = Debug|Any CPU
		{3019EE54-7A2E-4598-9B17-20E124238FC3}.Release|Any CPU.ActiveCfg = Release|Any CPU
		{3019EE54-7A2E-4598-9B17-20E124238FC3}.Release|Any CPU.Build.0 = Release|Any CPU
	EndGlobalSection
	GlobalSection(SolutionProperties) = preSolution
		HideSolutionNode = FALSE
	EndGlobalSection
	GlobalSection(ExtensibilityGlobals) = postSolution
		SolutionGuid = {2C12957A-3BC8-49CB-9575-A50A7B312121}
	EndGlobalSection
EndGlobal
